// !$*UTF8*$!
{
	archiveVersion = 1;
	classes = {
	};
	objectVersion = 46;
	objects = {

/* Begin PBXBuildFile section */
		059915059331FDD844CF6677 /* Pods_ScavengerHunt.framework in Frameworks */ = {isa = PBXBuildFile; fileRef = 039A7E86B42BF65ED6ADB711 /* Pods_ScavengerHunt.framework */; };
		7F3E8081E0DC7DD91417995A /* Pods_ScavengerHuntTests.framework in Frameworks */ = {isa = PBXBuildFile; fileRef = 4370FA96632E97D6A0BE3850 /* Pods_ScavengerHuntTests.framework */; };
		9614A1EC1CEE0C9600A648A4 /* AppDelegate.swift in Sources */ = {isa = PBXBuildFile; fileRef = 9614A1EB1CEE0C9600A648A4 /* AppDelegate.swift */; };
		9614A1EE1CEE0C9600A648A4 /* WelcomeViewController.swift in Sources */ = {isa = PBXBuildFile; fileRef = 9614A1ED1CEE0C9600A648A4 /* WelcomeViewController.swift */; };
		9614A1F11CEE0C9600A648A4 /* Main.storyboard in Resources */ = {isa = PBXBuildFile; fileRef = 9614A1EF1CEE0C9600A648A4 /* Main.storyboard */; };
		9614A1F31CEE0C9600A648A4 /* Assets.xcassets in Resources */ = {isa = PBXBuildFile; fileRef = 9614A1F21CEE0C9600A648A4 /* Assets.xcassets */; };
		9614A1F61CEE0C9600A648A4 /* LaunchScreen.storyboard in Resources */ = {isa = PBXBuildFile; fileRef = 9614A1F41CEE0C9600A648A4 /* LaunchScreen.storyboard */; };
		9614A2011CEE0C9600A648A4 /* ScavengerHuntTests.swift in Sources */ = {isa = PBXBuildFile; fileRef = 9614A2001CEE0C9600A648A4 /* ScavengerHuntTests.swift */; };
		9614A20F1CEE132900A648A4 /* Constants.swift in Sources */ = {isa = PBXBuildFile; fileRef = 9614A20E1CEE132900A648A4 /* Constants.swift */; };
		9614A2111CEE156A00A648A4 /* PlaceJSONParser.swift in Sources */ = {isa = PBXBuildFile; fileRef = 9614A2101CEE156A00A648A4 /* PlaceJSONParser.swift */; };
		96EA81141CEE194B00083727 /* PlacesTableViewController.swift in Sources */ = {isa = PBXBuildFile; fileRef = 96EA81131CEE194B00083727 /* PlacesTableViewController.swift */; };
/* End PBXBuildFile section */

/* Begin PBXContainerItemProxy section */
		9614A1FD1CEE0C9600A648A4 /* PBXContainerItemProxy */ = {
			isa = PBXContainerItemProxy;
			containerPortal = 9614A1E01CEE0C9600A648A4 /* Project object */;
			proxyType = 1;
			remoteGlobalIDString = 9614A1E71CEE0C9600A648A4;
			remoteInfo = ScavengerHunt;
		};
/* End PBXContainerItemProxy section */

/* Begin PBXFileReference section */
		039A7E86B42BF65ED6ADB711 /* Pods_ScavengerHunt.framework */ = {isa = PBXFileReference; explicitFileType = wrapper.framework; includeInIndex = 0; path = Pods_ScavengerHunt.framework; sourceTree = BUILT_PRODUCTS_DIR; };
		0418AC17E76E01035E7B0774 /* Pods-ScavengerHunt.debug.xcconfig */ = {isa = PBXFileReference; includeInIndex = 1; lastKnownFileType = text.xcconfig; name = "Pods-ScavengerHunt.debug.xcconfig"; path = "Pods/Target Support Files/Pods-ScavengerHunt/Pods-ScavengerHunt.debug.xcconfig"; sourceTree = "<group>"; };
		18ED0EC6D6C18FED8C412FC7 /* Pods-ScavengerHunt.release.xcconfig */ = {isa = PBXFileReference; includeInIndex = 1; lastKnownFileType = text.xcconfig; name = "Pods-ScavengerHunt.release.xcconfig"; path = "Pods/Target Support Files/Pods-ScavengerHunt/Pods-ScavengerHunt.release.xcconfig"; sourceTree = "<group>"; };
		4370FA96632E97D6A0BE3850 /* Pods_ScavengerHuntTests.framework */ = {isa = PBXFileReference; explicitFileType = wrapper.framework; includeInIndex = 0; path = Pods_ScavengerHuntTests.framework; sourceTree = BUILT_PRODUCTS_DIR; };
		61583128F49C102DA20CE067 /* Pods-ScavengerHuntTests.release.xcconfig */ = {isa = PBXFileReference; includeInIndex = 1; lastKnownFileType = text.xcconfig; name = "Pods-ScavengerHuntTests.release.xcconfig"; path = "Pods/Target Support Files/Pods-ScavengerHuntTests/Pods-ScavengerHuntTests.release.xcconfig"; sourceTree = "<group>"; };
		9614A1E81CEE0C9600A648A4 /* ScavengerHunt.app */ = {isa = PBXFileReference; explicitFileType = wrapper.application; includeInIndex = 0; path = ScavengerHunt.app; sourceTree = BUILT_PRODUCTS_DIR; };
		9614A1EB1CEE0C9600A648A4 /* AppDelegate.swift */ = {isa = PBXFileReference; lastKnownFileType = sourcecode.swift; path = AppDelegate.swift; sourceTree = "<group>"; };
		9614A1ED1CEE0C9600A648A4 /* WelcomeViewController.swift */ = {isa = PBXFileReference; lastKnownFileType = sourcecode.swift; path = WelcomeViewController.swift; sourceTree = "<group>"; };
		9614A1F01CEE0C9600A648A4 /* Base */ = {isa = PBXFileReference; lastKnownFileType = file.storyboard; name = Base; path = Base.lproj/Main.storyboard; sourceTree = "<group>"; };
		9614A1F21CEE0C9600A648A4 /* Assets.xcassets */ = {isa = PBXFileReference; lastKnownFileType = folder.assetcatalog; path = Assets.xcassets; sourceTree = "<group>"; };
		9614A1F51CEE0C9600A648A4 /* Base */ = {isa = PBXFileReference; lastKnownFileType = file.storyboard; name = Base; path = Base.lproj/LaunchScreen.storyboard; sourceTree = "<group>"; };
		9614A1F71CEE0C9600A648A4 /* Info.plist */ = {isa = PBXFileReference; lastKnownFileType = text.plist.xml; path = Info.plist; sourceTree = "<group>"; };
		9614A1FC1CEE0C9600A648A4 /* ScavengerHuntTests.xctest */ = {isa = PBXFileReference; explicitFileType = wrapper.cfbundle; includeInIndex = 0; path = ScavengerHuntTests.xctest; sourceTree = BUILT_PRODUCTS_DIR; };
		9614A2001CEE0C9600A648A4 /* ScavengerHuntTests.swift */ = {isa = PBXFileReference; lastKnownFileType = sourcecode.swift; path = ScavengerHuntTests.swift; sourceTree = "<group>"; };
		9614A2021CEE0C9600A648A4 /* Info.plist */ = {isa = PBXFileReference; lastKnownFileType = text.plist.xml; path = Info.plist; sourceTree = "<group>"; };
		9614A20E1CEE132900A648A4 /* Constants.swift */ = {isa = PBXFileReference; fileEncoding = 4; lastKnownFileType = sourcecode.swift; path = Constants.swift; sourceTree = "<group>"; };
		9614A2101CEE156A00A648A4 /* PlaceJSONParser.swift */ = {isa = PBXFileReference; fileEncoding = 4; lastKnownFileType = sourcecode.swift; path = PlaceJSONParser.swift; sourceTree = "<group>"; };
		96EA81131CEE194B00083727 /* PlacesTableViewController.swift */ = {isa = PBXFileReference; fileEncoding = 4; lastKnownFileType = sourcecode.swift; path = PlacesTableViewController.swift; sourceTree = "<group>"; };
		C00172E6AF2922ABAFCE23C5 /* Pods-ScavengerHuntTests.debug.xcconfig */ = {isa = PBXFileReference; includeInIndex = 1; lastKnownFileType = text.xcconfig; name = "Pods-ScavengerHuntTests.debug.xcconfig"; path = "Pods/Target Support Files/Pods-ScavengerHuntTests/Pods-ScavengerHuntTests.debug.xcconfig"; sourceTree = "<group>"; };
/* End PBXFileReference section */

/* Begin PBXFrameworksBuildPhase section */
		9614A1E51CEE0C9600A648A4 /* Frameworks */ = {
			isa = PBXFrameworksBuildPhase;
			buildActionMask = 2147483647;
			files = (
				059915059331FDD844CF6677 /* Pods_ScavengerHunt.framework in Frameworks */,
			);
			runOnlyForDeploymentPostprocessing = 0;
		};
		9614A1F91CEE0C9600A648A4 /* Frameworks */ = {
			isa = PBXFrameworksBuildPhase;
			buildActionMask = 2147483647;
			files = (
				7F3E8081E0DC7DD91417995A /* Pods_ScavengerHuntTests.framework in Frameworks */,
			);
			runOnlyForDeploymentPostprocessing = 0;
		};
/* End PBXFrameworksBuildPhase section */

/* Begin PBXGroup section */
		9614A1DF1CEE0C9600A648A4 = {
			isa = PBXGroup;
			children = (
				9614A1EA1CEE0C9600A648A4 /* ScavengerHunt */,
				9614A1FF1CEE0C9600A648A4 /* ScavengerHuntTests */,
				9614A1E91CEE0C9600A648A4 /* Products */,
				C740C18299C8A2743C44DA23 /* Pods */,
				E32AF18128F72F0DCB99B0FC /* Frameworks */,
			);
			sourceTree = "<group>";
		};
		9614A1E91CEE0C9600A648A4 /* Products */ = {
			isa = PBXGroup;
			children = (
				9614A1E81CEE0C9600A648A4 /* ScavengerHunt.app */,
				9614A1FC1CEE0C9600A648A4 /* ScavengerHuntTests.xctest */,
			);
			name = Products;
			sourceTree = "<group>";
		};
		9614A1EA1CEE0C9600A648A4 /* ScavengerHunt */ = {
			isa = PBXGroup;
			children = (
				9614A20D1CEE12A200A648A4 /* Controllers */,
				9614A2121CEE157200A648A4 /* View Models */,
				9614A20B1CEE128100A648A4 /* View */,
				9614A20C1CEE128B00A648A4 /* Supporting Files */,
			);
			path = ScavengerHunt;
			sourceTree = "<group>";
		};
		9614A1FF1CEE0C9600A648A4 /* ScavengerHuntTests */ = {
			isa = PBXGroup;
			children = (
				9614A2001CEE0C9600A648A4 /* ScavengerHuntTests.swift */,
				9614A2021CEE0C9600A648A4 /* Info.plist */,
			);
			path = ScavengerHuntTests;
			sourceTree = "<group>";
		};
		9614A20B1CEE128100A648A4 /* View */ = {
			isa = PBXGroup;
			children = (
				9614A1EF1CEE0C9600A648A4 /* Main.storyboard */,
				9614A1F41CEE0C9600A648A4 /* LaunchScreen.storyboard */,
				9614A1F21CEE0C9600A648A4 /* Assets.xcassets */,
			);
			name = View;
			sourceTree = "<group>";
		};
		9614A20C1CEE128B00A648A4 /* Supporting Files */ = {
			isa = PBXGroup;
			children = (
				9614A20E1CEE132900A648A4 /* Constants.swift */,
				9614A1EB1CEE0C9600A648A4 /* AppDelegate.swift */,
				9614A1F71CEE0C9600A648A4 /* Info.plist */,
			);
			name = "Supporting Files";
			sourceTree = "<group>";
		};
		9614A20D1CEE12A200A648A4 /* Controllers */ = {
			isa = PBXGroup;
			children = (
				9614A1ED1CEE0C9600A648A4 /* WelcomeViewController.swift */,
				96EA81131CEE194B00083727 /* PlacesTableViewController.swift */,
			);
			name = Controllers;
			sourceTree = "<group>";
		};
		9614A2121CEE157200A648A4 /* View Models */ = {
			isa = PBXGroup;
			children = (
				9614A2101CEE156A00A648A4 /* PlaceJSONParser.swift */,
			);
			name = "View Models";
			sourceTree = "<group>";
		};
		C740C18299C8A2743C44DA23 /* Pods */ = {
			isa = PBXGroup;
			children = (
				0418AC17E76E01035E7B0774 /* Pods-ScavengerHunt.debug.xcconfig */,
				18ED0EC6D6C18FED8C412FC7 /* Pods-ScavengerHunt.release.xcconfig */,
				C00172E6AF2922ABAFCE23C5 /* Pods-ScavengerHuntTests.debug.xcconfig */,
				61583128F49C102DA20CE067 /* Pods-ScavengerHuntTests.release.xcconfig */,
			);
			name = Pods;
			sourceTree = "<group>";
		};
		E32AF18128F72F0DCB99B0FC /* Frameworks */ = {
			isa = PBXGroup;
			children = (
				039A7E86B42BF65ED6ADB711 /* Pods_ScavengerHunt.framework */,
				4370FA96632E97D6A0BE3850 /* Pods_ScavengerHuntTests.framework */,
			);
			name = Frameworks;
			sourceTree = "<group>";
		};
/* End PBXGroup section */

/* Begin PBXNativeTarget section */
		9614A1E71CEE0C9600A648A4 /* ScavengerHunt */ = {
			isa = PBXNativeTarget;
			buildConfigurationList = 9614A2051CEE0C9600A648A4 /* Build configuration list for PBXNativeTarget "ScavengerHunt" */;
			buildPhases = (
				843241E37D3C570357C60111 /* Check Pods Manifest.lock */,
				9614A1E41CEE0C9600A648A4 /* Sources */,
				9614A1E51CEE0C9600A648A4 /* Frameworks */,
				9614A1E61CEE0C9600A648A4 /* Resources */,
				0ECF4BEC0C280D1B020FE5BC /* Embed Pods Frameworks */,
				342D21C4618D260FD6B137AF /* Copy Pods Resources */,
			);
			buildRules = (
			);
			dependencies = (
			);
			name = ScavengerHunt;
			productName = ScavengerHunt;
			productReference = 9614A1E81CEE0C9600A648A4 /* ScavengerHunt.app */;
			productType = "com.apple.product-type.application";
		};
		9614A1FB1CEE0C9600A648A4 /* ScavengerHuntTests */ = {
			isa = PBXNativeTarget;
			buildConfigurationList = 9614A2081CEE0C9600A648A4 /* Build configuration list for PBXNativeTarget "ScavengerHuntTests" */;
			buildPhases = (
				426D5CD7A8C066402EF8C1FF /* Check Pods Manifest.lock */,
				9614A1F81CEE0C9600A648A4 /* Sources */,
				9614A1F91CEE0C9600A648A4 /* Frameworks */,
				9614A1FA1CEE0C9600A648A4 /* Resources */,
				254BBE0636FF65A9EE9D4D63 /* Embed Pods Frameworks */,
				98433E5D96A5878EFCC138C6 /* Copy Pods Resources */,
			);
			buildRules = (
			);
			dependencies = (
				9614A1FE1CEE0C9600A648A4 /* PBXTargetDependency */,
			);
			name = ScavengerHuntTests;
			productName = ScavengerHuntTests;
			productReference = 9614A1FC1CEE0C9600A648A4 /* ScavengerHuntTests.xctest */;
			productType = "com.apple.product-type.bundle.unit-test";
		};
/* End PBXNativeTarget section */

/* Begin PBXProject section */
		9614A1E01CEE0C9600A648A4 /* Project object */ = {
			isa = PBXProject;
			attributes = {
				LastSwiftUpdateCheck = 0730;
				LastUpgradeCheck = 0730;
				ORGANIZATIONNAME = "Lauren Nicole Roth";
				TargetAttributes = {
					9614A1E71CEE0C9600A648A4 = {
						CreatedOnToolsVersion = 7.3;
					};
					9614A1FB1CEE0C9600A648A4 = {
						CreatedOnToolsVersion = 7.3;
						TestTargetID = 9614A1E71CEE0C9600A648A4;
					};
				};
			};
			buildConfigurationList = 9614A1E31CEE0C9600A648A4 /* Build configuration list for PBXProject "ScavengerHunt" */;
			compatibilityVersion = "Xcode 3.2";
			developmentRegion = English;
			hasScannedForEncodings = 0;
			knownRegions = (
				en,
				Base,
			);
			mainGroup = 9614A1DF1CEE0C9600A648A4;
			productRefGroup = 9614A1E91CEE0C9600A648A4 /* Products */;
			projectDirPath = "";
			projectRoot = "";
			targets = (
				9614A1E71CEE0C9600A648A4 /* ScavengerHunt */,
				9614A1FB1CEE0C9600A648A4 /* ScavengerHuntTests */,
			);
		};
/* End PBXProject section */

/* Begin PBXResourcesBuildPhase section */
		9614A1E61CEE0C9600A648A4 /* Resources */ = {
			isa = PBXResourcesBuildPhase;
			buildActionMask = 2147483647;
			files = (
				9614A1F61CEE0C9600A648A4 /* LaunchScreen.storyboard in Resources */,
				9614A1F31CEE0C9600A648A4 /* Assets.xcassets in Resources */,
				9614A1F11CEE0C9600A648A4 /* Main.storyboard in Resources */,
			);
			runOnlyForDeploymentPostprocessing = 0;
		};
		9614A1FA1CEE0C9600A648A4 /* Resources */ = {
			isa = PBXResourcesBuildPhase;
			buildActionMask = 2147483647;
			files = (
			);
			runOnlyForDeploymentPostprocessing = 0;
		};
/* End PBXResourcesBuildPhase section */

/* Begin PBXShellScriptBuildPhase section */
		0ECF4BEC0C280D1B020FE5BC /* Embed Pods Frameworks */ = {
			isa = PBXShellScriptBuildPhase;
			buildActionMask = 2147483647;
			files = (
			);
			inputPaths = (
			);
			name = "Embed Pods Frameworks";
			outputPaths = (
			);
			runOnlyForDeploymentPostprocessing = 0;
			shellPath = /bin/sh;
			shellScript = "\"${SRCROOT}/Pods/Target Support Files/Pods-ScavengerHunt/Pods-ScavengerHunt-frameworks.sh\"\n";
			showEnvVarsInLog = 0;
		};
		254BBE0636FF65A9EE9D4D63 /* Embed Pods Frameworks */ = {
			isa = PBXShellScriptBuildPhase;
			buildActionMask = 2147483647;
			files = (
			);
			inputPaths = (
			);
			name = "Embed Pods Frameworks";
			outputPaths = (
			);
			runOnlyForDeploymentPostprocessing = 0;
			shellPath = /bin/sh;
			shellScript = "\"${SRCROOT}/Pods/Target Support Files/Pods-ScavengerHuntTests/Pods-ScavengerHuntTests-frameworks.sh\"\n";
			showEnvVarsInLog = 0;
		};
		342D21C4618D260FD6B137AF /* Copy Pods Resources */ = {
			isa = PBXShellScriptBuildPhase;
			buildActionMask = 2147483647;
			files = (
			);
			inputPaths = (
			);
			name = "Copy Pods Resources";
			outputPaths = (
			);
			runOnlyForDeploymentPostprocessing = 0;
			shellPath = /bin/sh;
			shellScript = "\"${SRCROOT}/Pods/Target Support Files/Pods-ScavengerHunt/Pods-ScavengerHunt-resources.sh\"\n";
			showEnvVarsInLog = 0;
		};
		426D5CD7A8C066402EF8C1FF /* Check Pods Manifest.lock */ = {
			isa = PBXShellScriptBuildPhase;
			buildActionMask = 2147483647;
			files = (
			);
			inputPaths = (
			);
			name = "Check Pods Manifest.lock";
			outputPaths = (
			);
			runOnlyForDeploymentPostprocessing = 0;
			shellPath = /bin/sh;
			shellScript = "diff \"${PODS_ROOT}/../Podfile.lock\" \"${PODS_ROOT}/Manifest.lock\" > /dev/null\nif [[ $? != 0 ]] ; then\n    cat << EOM\nerror: The sandbox is not in sync with the Podfile.lock. Run 'pod install' or update your CocoaPods installation.\nEOM\n    exit 1\nfi\n";
			showEnvVarsInLog = 0;
		};
		843241E37D3C570357C60111 /* Check Pods Manifest.lock */ = {
			isa = PBXShellScriptBuildPhase;
			buildActionMask = 2147483647;
			files = (
			);
			inputPaths = (
			);
			name = "Check Pods Manifest.lock";
			outputPaths = (
			);
			runOnlyForDeploymentPostprocessing = 0;
			shellPath = /bin/sh;
			shellScript = "diff \"${PODS_ROOT}/../Podfile.lock\" \"${PODS_ROOT}/Manifest.lock\" > /dev/null\nif [[ $? != 0 ]] ; then\n    cat << EOM\nerror: The sandbox is not in sync with the Podfile.lock. Run 'pod install' or update your CocoaPods installation.\nEOM\n    exit 1\nfi\n";
			showEnvVarsInLog = 0;
		};
		98433E5D96A5878EFCC138C6 /* Copy Pods Resources */ = {
			isa = PBXShellScriptBuildPhase;
			buildActionMask = 2147483647;
			files = (
			);
			inputPaths = (
			);
			name = "Copy Pods Resources";
			outputPaths = (
			);
			runOnlyForDeploymentPostprocessing = 0;
			shellPath = /bin/sh;
			shellScript = "\"${SRCROOT}/Pods/Target Support Files/Pods-ScavengerHuntTests/Pods-ScavengerHuntTests-resources.sh\"\n";
			showEnvVarsInLog = 0;
		};
/* End PBXShellScriptBuildPhase section */

/* Begin PBXSourcesBuildPhase section */
		9614A1E41CEE0C9600A648A4 /* Sources */ = {
			isa = PBXSourcesBuildPhase;
			buildActionMask = 2147483647;
			files = (
				9614A2111CEE156A00A648A4 /* PlaceJSONParser.swift in Sources */,
				9614A1EE1CEE0C9600A648A4 /* WelcomeViewController.swift in Sources */,
				9614A1EC1CEE0C9600A648A4 /* AppDelegate.swift in Sources */,
				9614A20F1CEE132900A648A4 /* Constants.swift in Sources */,
				96EA81141CEE194B00083727 /* PlacesTableViewController.swift in Sources */,
			);
			runOnlyForDeploymentPostprocessing = 0;
		};
		9614A1F81CEE0C9600A648A4 /* Sources */ = {
			isa = PBXSourcesBuildPhase;
			buildActionMask = 2147483647;
			files = (
				9614A2011CEE0C9600A648A4 /* ScavengerHuntTests.swift in Sources */,
			);
			runOnlyForDeploymentPostprocessing = 0;
		};
/* End PBXSourcesBuildPhase section */

/* Begin PBXTargetDependency section */
		9614A1FE1CEE0C9600A648A4 /* PBXTargetDependency */ = {
			isa = PBXTargetDependency;
			target = 9614A1E71CEE0C9600A648A4 /* ScavengerHunt */;
			targetProxy = 9614A1FD1CEE0C9600A648A4 /* PBXContainerItemProxy */;
		};
/* End PBXTargetDependency section */

/* Begin PBXVariantGroup section */
		9614A1EF1CEE0C9600A648A4 /* Main.storyboard */ = {
			isa = PBXVariantGroup;
			children = (
				9614A1F01CEE0C9600A648A4 /* Base */,
			);
			name = Main.storyboard;
			sourceTree = "<group>";
		};
		9614A1F41CEE0C9600A648A4 /* LaunchScreen.storyboard */ = {
			isa = PBXVariantGroup;
			children = (
				9614A1F51CEE0C9600A648A4 /* Base */,
			);
			name = LaunchScreen.storyboard;
			sourceTree = "<group>";
		};
/* End PBXVariantGroup section */

/* Begin XCBuildConfiguration section */
		9614A2031CEE0C9600A648A4 /* Debug */ = {
			isa = XCBuildConfiguration;
			buildSettings = {
				ALWAYS_SEARCH_USER_PATHS = NO;
				CLANG_ANALYZER_NONNULL = YES;
				CLANG_CXX_LANGUAGE_STANDARD = "gnu++0x";
				CLANG_CXX_LIBRARY = "libc++";
				CLANG_ENABLE_MODULES = YES;
				CLANG_ENABLE_OBJC_ARC = YES;
				CLANG_WARN_BOOL_CONVERSION = YES;
				CLANG_WARN_CONSTANT_CONVERSION = YES;
				CLANG_WARN_DIRECT_OBJC_ISA_USAGE = YES_ERROR;
				CLANG_WARN_EMPTY_BODY = YES;
				CLANG_WARN_ENUM_CONVERSION = YES;
				CLANG_WARN_INT_CONVERSION = YES;
				CLANG_WARN_OBJC_ROOT_CLASS = YES_ERROR;
				CLANG_WARN_UNREACHABLE_CODE = YES;
				CLANG_WARN__DUPLICATE_METHOD_MATCH = YES;
				"CODE_SIGN_IDENTITY[sdk=iphoneos*]" = "iPhone Developer";
				COPY_PHASE_STRIP = NO;
				DEBUG_INFORMATION_FORMAT = dwarf;
				ENABLE_STRICT_OBJC_MSGSEND = YES;
				ENABLE_TESTABILITY = YES;
				GCC_C_LANGUAGE_STANDARD = gnu99;
				GCC_DYNAMIC_NO_PIC = NO;
				GCC_NO_COMMON_BLOCKS = YES;
				GCC_OPTIMIZATION_LEVEL = 0;
				GCC_PREPROCESSOR_DEFINITIONS = (
					"DEBUG=1",
					"$(inherited)",
				);
				GCC_WARN_64_TO_32_BIT_CONVERSION = YES;
				GCC_WARN_ABOUT_RETURN_TYPE = YES_ERROR;
				GCC_WARN_UNDECLARED_SELECTOR = YES;
				GCC_WARN_UNINITIALIZED_AUTOS = YES_AGGRESSIVE;
				GCC_WARN_UNUSED_FUNCTION = YES;
				GCC_WARN_UNUSED_VARIABLE = YES;
				IPHONEOS_DEPLOYMENT_TARGET = 9.3;
				MTL_ENABLE_DEBUG_INFO = YES;
				ONLY_ACTIVE_ARCH = YES;
				SDKROOT = iphoneos;
				SWIFT_OPTIMIZATION_LEVEL = "-Onone";
			};
			name = Debug;
		};
		9614A2041CEE0C9600A648A4 /* Release */ = {
			isa = XCBuildConfiguration;
			buildSettings = {
				ALWAYS_SEARCH_USER_PATHS = NO;
				CLANG_ANALYZER_NONNULL = YES;
				CLANG_CXX_LANGUAGE_STANDARD = "gnu++0x";
				CLANG_CXX_LIBRARY = "libc++";
				CLANG_ENABLE_MODULES = YES;
				CLANG_ENABLE_OBJC_ARC = YES;
				CLANG_WARN_BOOL_CONVERSION = YES;
				CLANG_WARN_CONSTANT_CONVERSION = YES;
				CLANG_WARN_DIRECT_OBJC_ISA_USAGE = YES_ERROR;
				CLANG_WARN_EMPTY_BODY = YES;
				CLANG_WARN_ENUM_CONVERSION = YES;
				CLANG_WARN_INT_CONVERSION = YES;
				CLANG_WARN_OBJC_ROOT_CLASS = YES_ERROR;
				CLANG_WARN_UNREACHABLE_CODE = YES;
				CLANG_WARN__DUPLICATE_METHOD_MATCH = YES;
				"CODE_SIGN_IDENTITY[sdk=iphoneos*]" = "iPhone Developer";
				COPY_PHASE_STRIP = NO;
				DEBUG_INFORMATION_FORMAT = "dwarf-with-dsym";
				ENABLE_NS_ASSERTIONS = NO;
				ENABLE_STRICT_OBJC_MSGSEND = YES;
				GCC_C_LANGUAGE_STANDARD = gnu99;
				GCC_NO_COMMON_BLOCKS = YES;
				GCC_WARN_64_TO_32_BIT_CONVERSION = YES;
				GCC_WARN_ABOUT_RETURN_TYPE = YES_ERROR;
				GCC_WARN_UNDECLARED_SELECTOR = YES;
				GCC_WARN_UNINITIALIZED_AUTOS = YES_AGGRESSIVE;
				GCC_WARN_UNUSED_FUNCTION = YES;
				GCC_WARN_UNUSED_VARIABLE = YES;
				IPHONEOS_DEPLOYMENT_TARGET = 9.3;
				MTL_ENABLE_DEBUG_INFO = NO;
				SDKROOT = iphoneos;
				VALIDATE_PRODUCT = YES;
			};
			name = Release;
		};
		9614A2061CEE0C9600A648A4 /* Debug */ = {
			isa = XCBuildConfiguration;
			baseConfigurationReference = 0418AC17E76E01035E7B0774 /* Pods-ScavengerHunt.debug.xcconfig */;
			buildSettings = {
				ASSETCATALOG_COMPILER_APPICON_NAME = AppIcon;
				INFOPLIST_FILE = ScavengerHunt/Info.plist;
				LD_RUNPATH_SEARCH_PATHS = "$(inherited) @executable_path/Frameworks";
				PRODUCT_BUNDLE_IDENTIFIER = com.ScavengerHunt;
				PRODUCT_NAME = "$(TARGET_NAME)";
			};
			name = Debug;
		};
		9614A2071CEE0C9600A648A4 /* Release */ = {
			isa = XCBuildConfiguration;
			baseConfigurationReference = 18ED0EC6D6C18FED8C412FC7 /* Pods-ScavengerHunt.release.xcconfig */;
			buildSettings = {
				ASSETCATALOG_COMPILER_APPICON_NAME = AppIcon;
				INFOPLIST_FILE = ScavengerHunt/Info.plist;
				LD_RUNPATH_SEARCH_PATHS = "$(inherited) @executable_path/Frameworks";
				PRODUCT_BUNDLE_IDENTIFIER = com.ScavengerHunt;
				PRODUCT_NAME = "$(TARGET_NAME)";
			};
			name = Release;
		};
		9614A2091CEE0C9600A648A4 /* Debug */ = {
			isa = XCBuildConfiguration;
			baseConfigurationReference = C00172E6AF2922ABAFCE23C5 /* Pods-ScavengerHuntTests.debug.xcconfig */;
			buildSettings = {
				BUNDLE_LOADER = "$(TEST_HOST)";
				INFOPLIST_FILE = ScavengerHuntTests/Info.plist;
				LD_RUNPATH_SEARCH_PATHS = "$(inherited) @executable_path/Frameworks @loader_path/Frameworks";
				PRODUCT_BUNDLE_IDENTIFIER = com.ScavengerHuntTests;
				PRODUCT_NAME = "$(TARGET_NAME)";
				TEST_HOST = "$(BUILT_PRODUCTS_DIR)/ScavengerHunt.app/ScavengerHunt";
			};
			name = Debug;
		};
		9614A20A1CEE0C9600A648A4 /* Release */ = {
			isa = XCBuildConfiguration;
			baseConfigurationReference = 61583128F49C102DA20CE067 /* Pods-ScavengerHuntTests.release.xcconfig */;
			buildSettings = {
				BUNDLE_LOADER = "$(TEST_HOST)";
				INFOPLIST_FILE = ScavengerHuntTests/Info.plist;
				LD_RUNPATH_SEARCH_PATHS = "$(inherited) @executable_path/Frameworks @loader_path/Frameworks";
				PRODUCT_BUNDLE_IDENTIFIER = com.ScavengerHuntTests;
				PRODUCT_NAME = "$(TARGET_NAME)";
				TEST_HOST = "$(BUILT_PRODUCTS_DIR)/ScavengerHunt.app/ScavengerHunt";
			};
			name = Release;
		};
/* End XCBuildConfiguration section */

/* Begin XCConfigurationList section */
		9614A1E31CEE0C9600A648A4 /* Build configuration list for PBXProject "ScavengerHunt" */ = {
			isa = XCConfigurationList;
			buildConfigurations = (
				9614A2031CEE0C9600A648A4 /* Debug */,
				9614A2041CEE0C9600A648A4 /* Release */,
			);
			defaultConfigurationIsVisible = 0;
			defaultConfigurationName = Release;
		};
		9614A2051CEE0C9600A648A4 /* Build configuration list for PBXNativeTarget "ScavengerHunt" */ = {
			isa = XCConfigurationList;
			buildConfigurations = (
				9614A2061CEE0C9600A648A4 /* Debug */,
				9614A2071CEE0C9600A648A4 /* Release */,
			);
			defaultConfigurationIsVisible = 0;
			defaultConfigurationName = Release;
		};
		9614A2081CEE0C9600A648A4 /* Build configuration list for PBXNativeTarget "ScavengerHuntTests" */ = {
			isa = XCConfigurationList;
			buildConfigurations = (
				9614A2091CEE0C9600A648A4 /* Debug */,
				9614A20A1CEE0C9600A648A4 /* Release */,
			);
			defaultConfigurationIsVisible = 0;
			defaultConfigurationName = Release;
		};
/* End XCConfigurationList section */
	};
	rootObject = 9614A1E01CEE0C9600A648A4 /* Project object */;
}
